
Microsoft Visual Studio Solution File, Format Version 12.00
# Visual Studio Version 17
VisualStudioVersion = 17.11.35327.3
MinimumVisualStudioVersion = 10.0.40219.1
Project("{FAE04EC0-301F-11D3-BF4B-00C04F79EFBC}") = "Vaeret_i_Bergen", "Vaeret_i_Bergen\Vaeret_i_Bergen.csproj", "{F36D6918-D82F-4F18-8720-01274E9A4801}"
EndProject
Global
	GlobalSection(SolutionConfigurationPlatforms) = preSolution
		Debug|Any CPU = Debug|Any CPU
		Release|Any CPU = Release|Any CPU
	EndGlobalSection
	GlobalSection(ProjectConfigurationPlatforms) = postSolution
		{F36D6918-D82F-4F18-8720-01274E9A4801}.Debug|Any CPU.ActiveCfg = Debug|Any CPU
		{F36D6918-D82F-4F18-8720-01274E9A4801}.Debug|Any CPU.Build.0 = Debug|Any CPU
		{F36D6918-D82F-4F18-8720-01274E9A4801}.Release|Any CPU.ActiveCfg = Release|Any CPU
		{F36D6918-D82F-4F18-8720-01274E9A4801}.Release|Any CPU.Build.0 = Release|Any CPU
	EndGlobalSection
	GlobalSection(SolutionProperties) = preSolution
		HideSolutionNode = FALSE
	EndGlobalSection
	GlobalSection(ExtensibilityGlobals) = postSolution
		SolutionGuid = {98FDE62B-872F-47AD-8231-723FA474384D}
	EndGlobalSection
EndGlobal
